
Microsoft Visual Studio Solution File, Format Version 12.00
# Visual Studio Version 16
VisualStudioVersion = 16.0.29009.5
MinimumVisualStudioVersion = 10.0.40219.1
Project("{9A19103F-16F7-4668-BE54-9A1E7A4F7556}") = "Catharsium.SpaceAnalyzer.UI.Console", "Catharsium.SpaceAnalyzer.UI.Console\Catharsium.SpaceAnalyzer.UI.Console.csproj", "{1EF65964-0EC1-4462-9E37-1F462327141F}"
EndProject
Project("{9A19103F-16F7-4668-BE54-9A1E7A4F7556}") = "Catharsium.SpaceAnalyzer.UI.Console.Tests", "Catharsium.SpaceAnalyzer.UI.Console.Tests\Catharsium.SpaceAnalyzer.UI.Console.Tests.csproj", "{0648B54D-877D-4544-8671-C1C2EC74E460}"
EndProject
Project("{FAE04EC0-301F-11D3-BF4B-00C04F79EFBC}") = "Catharsium.SpaceAnalyzer.Core", "Catharsium.SpaceAnalyzer.Core\Catharsium.SpaceAnalyzer.Core.csproj", "{ADA7A6DB-254E-4711-A1B0-0DBC478A948C}"
EndProject
Project("{FAE04EC0-301F-11D3-BF4B-00C04F79EFBC}") = "Catharsium.SpaceAnalyzer.Core.Tests", "Catharsium.SpaceAnalyzer.Core.Tests\Catharsium.SpaceAnalyzer.Core.Tests.csproj", "{AD693C7A-5A78-42EB-84A6-F9B7D2FC0C31}"
EndProject
Global
	GlobalSection(SolutionConfigurationPlatforms) = preSolution
		Debug|Any CPU = Debug|Any CPU
		Release|Any CPU = Release|Any CPU
	EndGlobalSection
	GlobalSection(ProjectConfigurationPlatforms) = postSolution
		{1EF65964-0EC1-4462-9E37-1F462327141F}.Debug|Any CPU.ActiveCfg = Debug|Any CPU
		{1EF65964-0EC1-4462-9E37-1F462327141F}.Debug|Any CPU.Build.0 = Debug|Any CPU
		{1EF65964-0EC1-4462-9E37-1F462327141F}.Release|Any CPU.ActiveCfg = Release|Any CPU
		{1EF65964-0EC1-4462-9E37-1F462327141F}.Release|Any CPU.Build.0 = Release|Any CPU
		{0648B54D-877D-4544-8671-C1C2EC74E460}.Debug|Any CPU.ActiveCfg = Debug|Any CPU
		{0648B54D-877D-4544-8671-C1C2EC74E460}.Debug|Any CPU.Build.0 = Debug|Any CPU
		{0648B54D-877D-4544-8671-C1C2EC74E460}.Release|Any CPU.ActiveCfg = Release|Any CPU
		{0648B54D-877D-4544-8671-C1C2EC74E460}.Release|Any CPU.Build.0 = Release|Any CPU
		{ADA7A6DB-254E-4711-A1B0-0DBC478A948C}.Debug|Any CPU.ActiveCfg = Debug|Any CPU
		{ADA7A6DB-254E-4711-A1B0-0DBC478A948C}.Debug|Any CPU.Build.0 = Debug|Any CPU
		{ADA7A6DB-254E-4711-A1B0-0DBC478A948C}.Release|Any CPU.ActiveCfg = Release|Any CPU
		{ADA7A6DB-254E-4711-A1B0-0DBC478A948C}.Release|Any CPU.Build.0 = Release|Any CPU
		{AD693C7A-5A78-42EB-84A6-F9B7D2FC0C31}.Debug|Any CPU.ActiveCfg = Debug|Any CPU
		{AD693C7A-5A78-42EB-84A6-F9B7D2FC0C31}.Debug|Any CPU.Build.0 = Debug|Any CPU
		{AD693C7A-5A78-42EB-84A6-F9B7D2FC0C31}.Release|Any CPU.ActiveCfg = Release|Any CPU
		{AD693C7A-5A78-42EB-84A6-F9B7D2FC0C31}.Release|Any CPU.Build.0 = Release|Any CPU
	EndGlobalSection
	GlobalSection(SolutionProperties) = preSolution
		HideSolutionNode = FALSE
	EndGlobalSection
	GlobalSection(ExtensibilityGlobals) = postSolution
		SolutionGuid = {3F87D10E-302C-47C8-A44D-B083F6C13AFA}
	EndGlobalSection
EndGlobal
